
Microsoft Visual Studio Solution File, Format Version 12.00
# Visual Studio Version 17
VisualStudioVersion = 17.0.31903.59
MinimumVisualStudioVersion = 10.0.40219.1
Project("{2150E333-8FDC-42A3-9474-1A3956D46DE8}") = "src", "src", "{827E0CD3-B72D-47B6-A68D-7590B98EB39B}"
EndProject
Project("{FAE04EC0-301F-11D3-BF4B-00C04F79EFBC}") = "OpenCIFS.Protocol", "OpenCIFS.Protocol\OpenCIFS.Protocol.csproj", "{8CEADD11-86D4-4888-9530-D3E6D24E7DE6}"
EndProject
Project("{FAE04EC0-301F-11D3-BF4B-00C04F79EFBC}") = "OpenCIFS.Transport", "OpenCIFS.Transport\OpenCIFS.Transport.csproj", "{FC675989-3ED1-49D6-8A8A-0CB9AE9BC6DF}"
EndProject
Project("{FAE04EC0-301F-11D3-BF4B-00C04F79EFBC}") = "OpenCIFS.Security", "OpenCIFS.Security\OpenCIFS.Security.csproj", "{09423464-1826-4D16-AD1D-B2B912B72399}"
EndProject
Project("{FAE04EC0-301F-11D3-BF4B-00C04F79EFBC}") = "OpenCIFS.Server", "OpenCIFS.Server\OpenCIFS.Server.csproj", "{D3A20525-8058-45F8-AFD1-67D8766AF16D}"
EndProject
Project("{FAE04EC0-301F-11D3-BF4B-00C04F79EFBC}") = "OpenCIFS.Client", "OpenCIFS.Client\OpenCIFS.Client.csproj", "{C945676F-73ED-4684-858B-DB9E7D31A450}"
EndProject
Project("{FAE04EC0-301F-11D3-BF4B-00C04F79EFBC}") = "Sample.OpenCifsServer", "Sample.OpenCifsServer\Sample.OpenCifsServer.csproj", "{D25CB130-A10D-43FA-AA4A-4127982ADB37}"
EndProject
Project("{FAE04EC0-301F-11D3-BF4B-00C04F79EFBC}") = "OpenCIFS.Core.Tests.Shared", "OpenCIFS.Core.Tests.Shared\OpenCIFS.Core.Tests.Shared.csproj", "{F569BB61-8F17-47C8-9A70-C0C3707E346C}"
EndProject
Project("{FAE04EC0-301F-11D3-BF4B-00C04F79EFBC}") = "OpenCIFS.Core.Tests.Console", "OpenCIFS.Core.Tests.Console\OpenCIFS.Core.Tests.Console.csproj", "{F22CBAE3-D205-466D-BAB1-3B528604ACBA}"
EndProject
Project("{FAE04EC0-301F-11D3-BF4B-00C04F79EFBC}") = "OpenCIFS.Core.Tests.Xunit", "OpenCIFS.Core.Tests.Xunit\OpenCIFS.Core.Tests.Xunit.csproj", "{5A5EFE5D-CA59-41F1-BCCA-947E4E0D772E}"
EndProject
Project("{FAE04EC0-301F-11D3-BF4B-00C04F79EFBC}") = "OpenCIFS.Core.Tests.Nunit", "OpenCIFS.Core.Tests.Nunit\OpenCIFS.Core.Tests.Nunit.csproj", "{F1949762-3393-4466-8800-3CFFED823961}"
EndProject
Project("{FAE04EC0-301F-11D3-BF4B-00C04F79EFBC}") = "OpenCIFS.Core.Tests.Mstest", "OpenCIFS.Core.Tests.Mstest\OpenCIFS.Core.Tests.Mstest.csproj", "{F7BB464D-5791-41A1-A4BF-4E891E4785C3}"
EndProject
Project("{FAE04EC0-301F-11D3-BF4B-00C04F79EFBC}") = "OpenCIFS.Server.Tests.Shared", "OpenCIFS.Server.Tests.Shared\OpenCIFS.Server.Tests.Shared.csproj", "{0D739633-17C0-48B2-A158-6340FA052845}"
EndProject
Project("{FAE04EC0-301F-11D3-BF4B-00C04F79EFBC}") = "OpenCIFS.Server.Tests.Console", "OpenCIFS.Server.Tests.Console\OpenCIFS.Server.Tests.Console.csproj", "{8D33BDB4-1E58-4905-B7B5-985DB5CE0774}"
EndProject
Project("{FAE04EC0-301F-11D3-BF4B-00C04F79EFBC}") = "OpenCIFS.Server.Tests.Xunit", "OpenCIFS.Server.Tests.Xunit\OpenCIFS.Server.Tests.Xunit.csproj", "{B0731998-948C-417D-B93C-E28330BD3268}"
EndProject
Project("{FAE04EC0-301F-11D3-BF4B-00C04F79EFBC}") = "OpenCIFS.Server.Tests.Nunit", "OpenCIFS.Server.Tests.Nunit\OpenCIFS.Server.Tests.Nunit.csproj", "{8DB9763B-3FA5-4704-8ED2-41BCEE1896B9}"
EndProject
Project("{FAE04EC0-301F-11D3-BF4B-00C04F79EFBC}") = "OpenCIFS.Server.Tests.Mstest", "OpenCIFS.Server.Tests.Mstest\OpenCIFS.Server.Tests.Mstest.csproj", "{7605514D-EC16-4166-9285-68653DB6A0F2}"
EndProject
Project("{FAE04EC0-301F-11D3-BF4B-00C04F79EFBC}") = "OpenCIFS.Client.Tests.Shared", "OpenCIFS.Client.Tests.Shared\OpenCIFS.Client.Tests.Shared.csproj", "{EBE069FD-47EB-40EB-BBFB-A42F35CCC063}"
EndProject
Project("{FAE04EC0-301F-11D3-BF4B-00C04F79EFBC}") = "OpenCIFS.Client.Tests.Console", "OpenCIFS.Client.Tests.Console\OpenCIFS.Client.Tests.Console.csproj", "{54DE2086-6499-43C8-A00C-A8D8EE21CADB}"
EndProject
Project("{FAE04EC0-301F-11D3-BF4B-00C04F79EFBC}") = "OpenCIFS.Client.Tests.Xunit", "OpenCIFS.Client.Tests.Xunit\OpenCIFS.Client.Tests.Xunit.csproj", "{303DC83C-A0D1-4603-9BC6-FBA7EDF633D0}"
EndProject
Project("{FAE04EC0-301F-11D3-BF4B-00C04F79EFBC}") = "OpenCIFS.Client.Tests.Nunit", "OpenCIFS.Client.Tests.Nunit\OpenCIFS.Client.Tests.Nunit.csproj", "{3BC62BA0-ADD3-47E0-8492-8E9AAC6DEF56}"
EndProject
Project("{FAE04EC0-301F-11D3-BF4B-00C04F79EFBC}") = "OpenCIFS.Client.Tests.Mstest", "OpenCIFS.Client.Tests.Mstest\OpenCIFS.Client.Tests.Mstest.csproj", "{C967E4B1-14D1-4662-8DFB-3F9A0A503898}"
EndProject
Project("{FAE04EC0-301F-11D3-BF4B-00C04F79EFBC}") = "OpenCIFS.Interop.Tests.Shared", "OpenCIFS.Interop.Tests.Shared\OpenCIFS.Interop.Tests.Shared.csproj", "{FABFA326-5674-41B1-840D-775C856C547F}"
EndProject
Project("{FAE04EC0-301F-11D3-BF4B-00C04F79EFBC}") = "OpenCIFS.Interop.Tests.Console", "OpenCIFS.Interop.Tests.Console\OpenCIFS.Interop.Tests.Console.csproj", "{6B9B05DA-ECFF-4FCF-8934-F228E0CEC762}"
EndProject
Project("{FAE04EC0-301F-11D3-BF4B-00C04F79EFBC}") = "OpenCIFS.Interop.Tests.Xunit", "OpenCIFS.Interop.Tests.Xunit\OpenCIFS.Interop.Tests.Xunit.csproj", "{3E29C0FC-C121-43CA-BD62-B1FFCB2B123B}"
EndProject
Project("{FAE04EC0-301F-11D3-BF4B-00C04F79EFBC}") = "OpenCIFS.Interop.Tests.Nunit", "OpenCIFS.Interop.Tests.Nunit\OpenCIFS.Interop.Tests.Nunit.csproj", "{67CD2BD7-B9A5-433A-9E72-635F425851FD}"
EndProject
Project("{FAE04EC0-301F-11D3-BF4B-00C04F79EFBC}") = "OpenCIFS.Interop.Tests.Mstest", "OpenCIFS.Interop.Tests.Mstest\OpenCIFS.Interop.Tests.Mstest.csproj", "{AAFE45CC-BFA8-41F9-B97E-EF1640DD6E79}"
EndProject
Project("{FAE04EC0-301F-11D3-BF4B-00C04F79EFBC}") = "OpenCIFS.SambaInterop.Console", "OpenCIFS.SambaInterop.Console\OpenCIFS.SambaInterop.Console.csproj", "{E7CCF862-100A-4A3F-B34A-F4E5A5F10A64}"
EndProject
Project("{FAE04EC0-301F-11D3-BF4B-00C04F79EFBC}") = "OpenCIFS.TestClient", "OpenCIFS.TestClient\OpenCIFS.TestClient.csproj", "{63821840-843B-41DA-BDCD-26B244BA8CE5}"
EndProject
Project("{FAE04EC0-301F-11D3-BF4B-00C04F79EFBC}") = "OpenCIFS.TestServer", "OpenCIFS.TestServer\OpenCIFS.TestServer.csproj", "{70472A8E-AC7A-4F7F-910A-A48667B8E505}"
EndProject
Global
	GlobalSection(SolutionConfigurationPlatforms) = preSolution
		Debug|Any CPU = Debug|Any CPU
		Debug|x64 = Debug|x64
		Debug|x86 = Debug|x86
		Release|Any CPU = Release|Any CPU
		Release|x64 = Release|x64
		Release|x86 = Release|x86
	EndGlobalSection
	GlobalSection(ProjectConfigurationPlatforms) = postSolution
		{8CEADD11-86D4-4888-9530-D3E6D24E7DE6}.Debug|Any CPU.ActiveCfg = Debug|Any CPU
		{8CEADD11-86D4-4888-9530-D3E6D24E7DE6}.Debug|Any CPU.Build.0 = Debug|Any CPU
		{8CEADD11-86D4-4888-9530-D3E6D24E7DE6}.Debug|x64.ActiveCfg = Debug|Any CPU
		{8CEADD11-86D4-4888-9530-D3E6D24E7DE6}.Debug|x64.Build.0 = Debug|Any CPU
		{8CEADD11-86D4-4888-9530-D3E6D24E7DE6}.Debug|x86.ActiveCfg = Debug|Any CPU
		{8CEADD11-86D4-4888-9530-D3E6D24E7DE6}.Debug|x86.Build.0 = Debug|Any CPU
		{8CEADD11-86D4-4888-9530-D3E6D24E7DE6}.Release|Any CPU.ActiveCfg = Release|Any CPU
		{8CEADD11-86D4-4888-9530-D3E6D24E7DE6}.Release|Any CPU.Build.0 = Release|Any CPU
		{8CEADD11-86D4-4888-9530-D3E6D24E7DE6}.Release|x64.ActiveCfg = Release|Any CPU
		{8CEADD11-86D4-4888-9530-D3E6D24E7DE6}.Release|x64.Build.0 = Release|Any CPU
		{8CEADD11-86D4-4888-9530-D3E6D24E7DE6}.Release|x86.ActiveCfg = Release|Any CPU
		{8CEADD11-86D4-4888-9530-D3E6D24E7DE6}.Release|x86.Build.0 = Release|Any CPU
		{FC675989-3ED1-49D6-8A8A-0CB9AE9BC6DF}.Debug|Any CPU.ActiveCfg = Debug|Any CPU
		{FC675989-3ED1-49D6-8A8A-0CB9AE9BC6DF}.Debug|Any CPU.Build.0 = Debug|Any CPU
		{FC675989-3ED1-49D6-8A8A-0CB9AE9BC6DF}.Debug|x64.ActiveCfg = Debug|Any CPU
		{FC675989-3ED1-49D6-8A8A-0CB9AE9BC6DF}.Debug|x64.Build.0 = Debug|Any CPU
		{FC675989-3ED1-49D6-8A8A-0CB9AE9BC6DF}.Debug|x86.ActiveCfg = Debug|Any CPU
		{FC675989-3ED1-49D6-8A8A-0CB9AE9BC6DF}.Debug|x86.Build.0 = Debug|Any CPU
		{FC675989-3ED1-49D6-8A8A-0CB9AE9BC6DF}.Release|Any CPU.ActiveCfg = Release|Any CPU
		{FC675989-3ED1-49D6-8A8A-0CB9AE9BC6DF}.Release|Any CPU.Build.0 = Release|Any CPU
		{FC675989-3ED1-49D6-8A8A-0CB9AE9BC6DF}.Release|x64.ActiveCfg = Release|Any CPU
		{FC675989-3ED1-49D6-8A8A-0CB9AE9BC6DF}.Release|x64.Build.0 = Release|Any CPU
		{FC675989-3ED1-49D6-8A8A-0CB9AE9BC6DF}.Release|x86.ActiveCfg = Release|Any CPU
		{FC675989-3ED1-49D6-8A8A-0CB9AE9BC6DF}.Release|x86.Build.0 = Release|Any CPU
		{09423464-1826-4D16-AD1D-B2B912B72399}.Debug|Any CPU.ActiveCfg = Debug|Any CPU
		{09423464-1826-4D16-AD1D-B2B912B72399}.Debug|Any CPU.Build.0 = Debug|Any CPU
		{09423464-1826-4D16-AD1D-B2B912B72399}.Debug|x64.ActiveCfg = Debug|Any CPU
		{09423464-1826-4D16-AD1D-B2B912B72399}.Debug|x64.Build.0 = Debug|Any CPU
		{09423464-1826-4D16-AD1D-B2B912B72399}.Debug|x86.ActiveCfg = Debug|Any CPU
		{09423464-1826-4D16-AD1D-B2B912B72399}.Debug|x86.Build.0 = Debug|Any CPU
		{09423464-1826-4D16-AD1D-B2B912B72399}.Release|Any CPU.ActiveCfg = Release|Any CPU
		{09423464-1826-4D16-AD1D-B2B912B72399}.Release|Any CPU.Build.0 = Release|Any CPU
		{09423464-1826-4D16-AD1D-B2B912B72399}.Release|x64.ActiveCfg = Release|Any CPU
		{09423464-1826-4D16-AD1D-B2B912B72399}.Release|x64.Build.0 = Release|Any CPU
		{09423464-1826-4D16-AD1D-B2B912B72399}.Release|x86.ActiveCfg = Release|Any CPU
		{09423464-1826-4D16-AD1D-B2B912B72399}.Release|x86.Build.0 = Release|Any CPU
		{D3A20525-8058-45F8-AFD1-67D8766AF16D}.Debug|Any CPU.ActiveCfg = Debug|Any CPU
		{D3A20525-8058-45F8-AFD1-67D8766AF16D}.Debug|Any CPU.Build.0 = Debug|Any CPU
		{D3A20525-8058-45F8-AFD1-67D8766AF16D}.Debug|x64.ActiveCfg = Debug|Any CPU
		{D3A20525-8058-45F8-AFD1-67D8766AF16D}.Debug|x64.Build.0 = Debug|Any CPU
		{D3A20525-8058-45F8-AFD1-67D8766AF16D}.Debug|x86.ActiveCfg = Debug|Any CPU
		{D3A20525-8058-45F8-AFD1-67D8766AF16D}.Debug|x86.Build.0 = Debug|Any CPU
		{D3A20525-8058-45F8-AFD1-67D8766AF16D}.Release|Any CPU.ActiveCfg = Release|Any CPU
		{D3A20525-8058-45F8-AFD1-67D8766AF16D}.Release|Any CPU.Build.0 = Release|Any CPU
		{D3A20525-8058-45F8-AFD1-67D8766AF16D}.Release|x64.ActiveCfg = Release|Any CPU
		{D3A20525-8058-45F8-AFD1-67D8766AF16D}.Release|x64.Build.0 = Release|Any CPU
		{D3A20525-8058-45F8-AFD1-67D8766AF16D}.Release|x86.ActiveCfg = Release|Any CPU
		{D3A20525-8058-45F8-AFD1-67D8766AF16D}.Release|x86.Build.0 = Release|Any CPU
		{C945676F-73ED-4684-858B-DB9E7D31A450}.Debug|Any CPU.ActiveCfg = Debug|Any CPU
		{C945676F-73ED-4684-858B-DB9E7D31A450}.Debug|Any CPU.Build.0 = Debug|Any CPU
		{C945676F-73ED-4684-858B-DB9E7D31A450}.Debug|x64.ActiveCfg = Debug|Any CPU
		{C945676F-73ED-4684-858B-DB9E7D31A450}.Debug|x64.Build.0 = Debug|Any CPU
		{C945676F-73ED-4684-858B-DB9E7D31A450}.Debug|x86.ActiveCfg = Debug|Any CPU
		{C945676F-73ED-4684-858B-DB9E7D31A450}.Debug|x86.Build.0 = Debug|Any CPU
		{C945676F-73ED-4684-858B-DB9E7D31A450}.Release|Any CPU.ActiveCfg = Release|Any CPU
		{C945676F-73ED-4684-858B-DB9E7D31A450}.Release|Any CPU.Build.0 = Release|Any CPU
		{C945676F-73ED-4684-858B-DB9E7D31A450}.Release|x64.ActiveCfg = Release|Any CPU
		{C945676F-73ED-4684-858B-DB9E7D31A450}.Release|x64.Build.0 = Release|Any CPU
		{C945676F-73ED-4684-858B-DB9E7D31A450}.Release|x86.ActiveCfg = Release|Any CPU
		{C945676F-73ED-4684-858B-DB9E7D31A450}.Release|x86.Build.0 = Release|Any CPU
		{D25CB130-A10D-43FA-AA4A-4127982ADB37}.Debug|Any CPU.ActiveCfg = Debug|Any CPU
		{D25CB130-A10D-43FA-AA4A-4127982ADB37}.Debug|Any CPU.Build.0 = Debug|Any CPU
		{D25CB130-A10D-43FA-AA4A-4127982ADB37}.Debug|x64.ActiveCfg = Debug|Any CPU
		{D25CB130-A10D-43FA-AA4A-4127982ADB37}.Debug|x64.Build.0 = Debug|Any CPU
		{D25CB130-A10D-43FA-AA4A-4127982ADB37}.Debug|x86.ActiveCfg = Debug|Any CPU
		{D25CB130-A10D-43FA-AA4A-4127982ADB37}.Debug|x86.Build.0 = Debug|Any CPU
		{D25CB130-A10D-43FA-AA4A-4127982ADB37}.Release|Any CPU.ActiveCfg = Release|Any CPU
		{D25CB130-A10D-43FA-AA4A-4127982ADB37}.Release|Any CPU.Build.0 = Release|Any CPU
		{D25CB130-A10D-43FA-AA4A-4127982ADB37}.Release|x64.ActiveCfg = Release|Any CPU
		{D25CB130-A10D-43FA-AA4A-4127982ADB37}.Release|x64.Build.0 = Release|Any CPU
		{D25CB130-A10D-43FA-AA4A-4127982ADB37}.Release|x86.ActiveCfg = Release|Any CPU
		{D25CB130-A10D-43FA-AA4A-4127982ADB37}.Release|x86.Build.0 = Release|Any CPU
		{F569BB61-8F17-47C8-9A70-C0C3707E346C}.Debug|Any CPU.ActiveCfg = Debug|Any CPU
		{F569BB61-8F17-47C8-9A70-C0C3707E346C}.Debug|Any CPU.Build.0 = Debug|Any CPU
		{F569BB61-8F17-47C8-9A70-C0C3707E346C}.Debug|x64.ActiveCfg = Debug|Any CPU
		{F569BB61-8F17-47C8-9A70-C0C3707E346C}.Debug|x64.Build.0 = Debug|Any CPU
		{F569BB61-8F17-47C8-9A70-C0C3707E346C}.Debug|x86.ActiveCfg = Debug|Any CPU
		{F569BB61-8F17-47C8-9A70-C0C3707E346C}.Debug|x86.Build.0 = Debug|Any CPU
		{F569BB61-8F17-47C8-9A70-C0C3707E346C}.Release|Any CPU.ActiveCfg = Release|Any CPU
		{F569BB61-8F17-47C8-9A70-C0C3707E346C}.Release|Any CPU.Build.0 = Release|Any CPU
		{F569BB61-8F17-47C8-9A70-C0C3707E346C}.Release|x64.ActiveCfg = Release|Any CPU
		{F569BB61-8F17-47C8-9A70-C0C3707E346C}.Release|x64.Build.0 = Release|Any CPU
		{F569BB61-8F17-47C8-9A70-C0C3707E346C}.Release|x86.ActiveCfg = Release|Any CPU
		{F569BB61-8F17-47C8-9A70-C0C3707E346C}.Release|x86.Build.0 = Release|Any CPU
		{F22CBAE3-D205-466D-BAB1-3B528604ACBA}.Debug|Any CPU.ActiveCfg = Debug|Any CPU
		{F22CBAE3-D205-466D-BAB1-3B528604ACBA}.Debug|Any CPU.Build.0 = Debug|Any CPU
		{F22CBAE3-D205-466D-BAB1-3B528604ACBA}.Debug|x64.ActiveCfg = Debug|Any CPU
		{F22CBAE3-D205-466D-BAB1-3B528604ACBA}.Debug|x64.Build.0 = Debug|Any CPU
		{F22CBAE3-D205-466D-BAB1-3B528604ACBA}.Debug|x86.ActiveCfg = Debug|Any CPU
		{F22CBAE3-D205-466D-BAB1-3B528604ACBA}.Debug|x86.Build.0 = Debug|Any CPU
		{F22CBAE3-D205-466D-BAB1-3B528604ACBA}.Release|Any CPU.ActiveCfg = Release|Any CPU
		{F22CBAE3-D205-466D-BAB1-3B528604ACBA}.Release|Any CPU.Build.0 = Release|Any CPU
		{F22CBAE3-D205-466D-BAB1-3B528604ACBA}.Release|x64.ActiveCfg = Release|Any CPU
		{F22CBAE3-D205-466D-BAB1-3B528604ACBA}.Release|x64.Build.0 = Release|Any CPU
		{F22CBAE3-D205-466D-BAB1-3B528604ACBA}.Release|x86.ActiveCfg = Release|Any CPU
		{F22CBAE3-D205-466D-BAB1-3B528604ACBA}.Release|x86.Build.0 = Release|Any CPU
		{5A5EFE5D-CA59-41F1-BCCA-947E4E0D772E}.Debug|Any CPU.ActiveCfg = Debug|Any CPU
		{5A5EFE5D-CA59-41F1-BCCA-947E4E0D772E}.Debug|Any CPU.Build.0 = Debug|Any CPU
		{5A5EFE5D-CA59-41F1-BCCA-947E4E0D772E}.Debug|x64.ActiveCfg = Debug|Any CPU
		{5A5EFE5D-CA59-41F1-BCCA-947E4E0D772E}.Debug|x64.Build.0 = Debug|Any CPU
		{5A5EFE5D-CA59-41F1-BCCA-947E4E0D772E}.Debug|x86.ActiveCfg = Debug|Any CPU
		{5A5EFE5D-CA59-41F1-BCCA-947E4E0D772E}.Debug|x86.Build.0 = Debug|Any CPU
		{5A5EFE5D-CA59-41F1-BCCA-947E4E0D772E}.Release|Any CPU.ActiveCfg = Release|Any CPU
		{5A5EFE5D-CA59-41F1-BCCA-947E4E0D772E}.Release|Any CPU.Build.0 = Release|Any CPU
		{5A5EFE5D-CA59-41F1-BCCA-947E4E0D772E}.Release|x64.ActiveCfg = Release|Any CPU
		{5A5EFE5D-CA59-41F1-BCCA-947E4E0D772E}.Release|x64.Build.0 = Release|Any CPU
		{5A5EFE5D-CA59-41F1-BCCA-947E4E0D772E}.Release|x86.ActiveCfg = Release|Any CPU
		{5A5EFE5D-CA59-41F1-BCCA-947E4E0D772E}.Release|x86.Build.0 = Release|Any CPU
		{F1949762-3393-4466-8800-3CFFED823961}.Debug|Any CPU.ActiveCfg = Debug|Any CPU
		{F1949762-3393-4466-8800-3CFFED823961}.Debug|Any CPU.Build.0 = Debug|Any CPU
		{F1949762-3393-4466-8800-3CFFED823961}.Debug|x64.ActiveCfg = Debug|Any CPU
		{F1949762-3393-4466-8800-3CFFED823961}.Debug|x64.Build.0 = Debug|Any CPU
		{F1949762-3393-4466-8800-3CFFED823961}.Debug|x86.ActiveCfg = Debug|Any CPU
		{F1949762-3393-4466-8800-3CFFED823961}.Debug|x86.Build.0 = Debug|Any CPU
		{F1949762-3393-4466-8800-3CFFED823961}.Release|Any CPU.ActiveCfg = Release|Any CPU
		{F1949762-3393-4466-8800-3CFFED823961}.Release|Any CPU.Build.0 = Release|Any CPU
		{F1949762-3393-4466-8800-3CFFED823961}.Release|x64.ActiveCfg = Release|Any CPU
		{F1949762-3393-4466-8800-3CFFED823961}.Release|x64.Build.0 = Release|Any CPU
		{F1949762-3393-4466-8800-3CFFED823961}.Release|x86.ActiveCfg = Release|Any CPU
		{F1949762-3393-4466-8800-3CFFED823961}.Release|x86.Build.0 = Release|Any CPU
		{F7BB464D-5791-41A1-A4BF-4E891E4785C3}.Debug|Any CPU.ActiveCfg = Debug|Any CPU
		{F7BB464D-5791-41A1-A4BF-4E891E4785C3}.Debug|Any CPU.Build.0 = Debug|Any CPU
		{F7BB464D-5791-41A1-A4BF-4E891E4785C3}.Debug|x64.ActiveCfg = Debug|Any CPU
		{F7BB464D-5791-41A1-A4BF-4E891E4785C3}.Debug|x64.Build.0 = Debug|Any CPU
		{F7BB464D-5791-41A1-A4BF-4E891E4785C3}.Debug|x86.ActiveCfg = Debug|Any CPU
		{F7BB464D-5791-41A1-A4BF-4E891E4785C3}.Debug|x86.Build.0 = Debug|Any CPU
		{F7BB464D-5791-41A1-A4BF-4E891E4785C3}.Release|Any CPU.ActiveCfg = Release|Any CPU
		{F7BB464D-5791-41A1-A4BF-4E891E4785C3}.Release|Any CPU.Build.0 = Release|Any CPU
		{F7BB464D-5791-41A1-A4BF-4E891E4785C3}.Release|x64.ActiveCfg = Release|Any CPU
		{F7BB464D-5791-41A1-A4BF-4E891E4785C3}.Release|x64.Build.0 = Release|Any CPU
		{F7BB464D-5791-41A1-A4BF-4E891E4785C3}.Release|x86.ActiveCfg = Release|Any CPU
		{F7BB464D-5791-41A1-A4BF-4E891E4785C3}.Release|x86.Build.0 = Release|Any CPU
		{0D739633-17C0-48B2-A158-6340FA052845}.Debug|Any CPU.ActiveCfg = Debug|Any CPU
		{0D739633-17C0-48B2-A158-6340FA052845}.Debug|Any CPU.Build.0 = Debug|Any CPU
		{0D739633-17C0-48B2-A158-6340FA052845}.Debug|x64.ActiveCfg = Debug|Any CPU
		{0D739633-17C0-48B2-A158-6340FA052845}.Debug|x64.Build.0 = Debug|Any CPU
		{0D739633-17C0-48B2-A158-6340FA052845}.Debug|x86.ActiveCfg = Debug|Any CPU
		{0D739633-17C0-48B2-A158-6340FA052845}.Debug|x86.Build.0 = Debug|Any CPU
		{0D739633-17C0-48B2-A158-6340FA052845}.Release|Any CPU.ActiveCfg = Release|Any CPU
		{0D739633-17C0-48B2-A158-6340FA052845}.Release|Any CPU.Build.0 = Release|Any CPU
		{0D739633-17C0-48B2-A158-6340FA052845}.Release|x64.ActiveCfg = Release|Any CPU
		{0D739633-17C0-48B2-A158-6340FA052845}.Release|x64.Build.0 = Release|Any CPU
		{0D739633-17C0-48B2-A158-6340FA052845}.Release|x86.ActiveCfg = Release|Any CPU
		{0D739633-17C0-48B2-A158-6340FA052845}.Release|x86.Build.0 = Release|Any CPU
		{8D33BDB4-1E58-4905-B7B5-985DB5CE0774}.Debug|Any CPU.ActiveCfg = Debug|Any CPU
		{8D33BDB4-1E58-4905-B7B5-985DB5CE0774}.Debug|Any CPU.Build.0 = Debug|Any CPU
		{8D33BDB4-1E58-4905-B7B5-985DB5CE0774}.Debug|x64.ActiveCfg = Debug|Any CPU
		{8D33BDB4-1E58-4905-B7B5-985DB5CE0774}.Debug|x64.Build.0 = Debug|Any CPU
		{8D33BDB4-1E58-4905-B7B5-985DB5CE0774}.Debug|x86.ActiveCfg = Debug|Any CPU
		{8D33BDB4-1E58-4905-B7B5-985DB5CE0774}.Debug|x86.Build.0 = Debug|Any CPU
		{8D33BDB4-1E58-4905-B7B5-985DB5CE0774}.Release|Any CPU.ActiveCfg = Release|Any CPU
		{8D33BDB4-1E58-4905-B7B5-985DB5CE0774}.Release|Any CPU.Build.0 = Release|Any CPU
		{8D33BDB4-1E58-4905-B7B5-985DB5CE0774}.Release|x64.ActiveCfg = Release|Any CPU
		{8D33BDB4-1E58-4905-B7B5-985DB5CE0774}.Release|x64.Build.0 = Release|Any CPU
		{8D33BDB4-1E58-4905-B7B5-985DB5CE0774}.Release|x86.ActiveCfg = Release|Any CPU
		{8D33BDB4-1E58-4905-B7B5-985DB5CE0774}.Release|x86.Build.0 = Release|Any CPU
		{B0731998-948C-417D-B93C-E28330BD3268}.Debug|Any CPU.ActiveCfg = Debug|Any CPU
		{B0731998-948C-417D-B93C-E28330BD3268}.Debug|Any CPU.Build.0 = Debug|Any CPU
		{B0731998-948C-417D-B93C-E28330BD3268}.Debug|x64.ActiveCfg = Debug|Any CPU
		{B0731998-948C-417D-B93C-E28330BD3268}.Debug|x64.Build.0 = Debug|Any CPU
		{B0731998-948C-417D-B93C-E28330BD3268}.Debug|x86.ActiveCfg = Debug|Any CPU
		{B0731998-948C-417D-B93C-E28330BD3268}.Debug|x86.Build.0 = Debug|Any CPU
		{B0731998-948C-417D-B93C-E28330BD3268}.Release|Any CPU.ActiveCfg = Release|Any CPU
		{B0731998-948C-417D-B93C-E28330BD3268}.Release|Any CPU.Build.0 = Release|Any CPU
		{B0731998-948C-417D-B93C-E28330BD3268}.Release|x64.ActiveCfg = Release|Any CPU
		{B0731998-948C-417D-B93C-E28330BD3268}.Release|x64.Build.0 = Release|Any CPU
		{B0731998-948C-417D-B93C-E28330BD3268}.Release|x86.ActiveCfg = Release|Any CPU
		{B0731998-948C-417D-B93C-E28330BD3268}.Release|x86.Build.0 = Release|Any CPU
		{8DB9763B-3FA5-4704-8ED2-41BCEE1896B9}.Debug|Any CPU.ActiveCfg = Debug|Any CPU
		{8DB9763B-3FA5-4704-8ED2-41BCEE1896B9}.Debug|Any CPU.Build.0 = Debug|Any CPU
		{8DB9763B-3FA5-4704-8ED2-41BCEE1896B9}.Debug|x64.ActiveCfg = Debug|Any CPU
		{8DB9763B-3FA5-4704-8ED2-41BCEE1896B9}.Debug|x64.Build.0 = Debug|Any CPU
		{8DB9763B-3FA5-4704-8ED2-41BCEE1896B9}.Debug|x86.ActiveCfg = Debug|Any CPU
		{8DB9763B-3FA5-4704-8ED2-41BCEE1896B9}.Debug|x86.Build.0 = Debug|Any CPU
		{8DB9763B-3FA5-4704-8ED2-41BCEE1896B9}.Release|Any CPU.ActiveCfg = Release|Any CPU
		{8DB9763B-3FA5-4704-8ED2-41BCEE1896B9}.Release|Any CPU.Build.0 = Release|Any CPU
		{8DB9763B-3FA5-4704-8ED2-41BCEE1896B9}.Release|x64.ActiveCfg = Release|Any CPU
		{8DB9763B-3FA5-4704-8ED2-41BCEE1896B9}.Release|x64.Build.0 = Release|Any CPU
		{8DB9763B-3FA5-4704-8ED2-41BCEE1896B9}.Release|x86.ActiveCfg = Release|Any CPU
		{8DB9763B-3FA5-4704-8ED2-41BCEE1896B9}.Release|x86.Build.0 = Release|Any CPU
		{7605514D-EC16-4166-9285-68653DB6A0F2}.Debug|Any CPU.ActiveCfg = Debug|Any CPU
		{7605514D-EC16-4166-9285-68653DB6A0F2}.Debug|Any CPU.Build.0 = Debug|Any CPU
		{7605514D-EC16-4166-9285-68653DB6A0F2}.Debug|x64.ActiveCfg = Debug|Any CPU
		{7605514D-EC16-4166-9285-68653DB6A0F2}.Debug|x64.Build.0 = Debug|Any CPU
		{7605514D-EC16-4166-9285-68653DB6A0F2}.Debug|x86.ActiveCfg = Debug|Any CPU
		{7605514D-EC16-4166-9285-68653DB6A0F2}.Debug|x86.Build.0 = Debug|Any CPU
		{7605514D-EC16-4166-9285-68653DB6A0F2}.Release|Any CPU.ActiveCfg = Release|Any CPU
		{7605514D-EC16-4166-9285-68653DB6A0F2}.Release|Any CPU.Build.0 = Release|Any CPU
		{7605514D-EC16-4166-9285-68653DB6A0F2}.Release|x64.ActiveCfg = Release|Any CPU
		{7605514D-EC16-4166-9285-68653DB6A0F2}.Release|x64.Build.0 = Release|Any CPU
		{7605514D-EC16-4166-9285-68653DB6A0F2}.Release|x86.ActiveCfg = Release|Any CPU
		{7605514D-EC16-4166-9285-68653DB6A0F2}.Release|x86.Build.0 = Release|Any CPU
		{EBE069FD-47EB-40EB-BBFB-A42F35CCC063}.Debug|Any CPU.ActiveCfg = Debug|Any CPU
		{EBE069FD-47EB-40EB-BBFB-A42F35CCC063}.Debug|Any CPU.Build.0 = Debug|Any CPU
		{EBE069FD-47EB-40EB-BBFB-A42F35CCC063}.Debug|x64.ActiveCfg = Debug|Any CPU
		{EBE069FD-47EB-40EB-BBFB-A42F35CCC063}.Debug|x64.Build.0 = Debug|Any CPU
		{EBE069FD-47EB-40EB-BBFB-A42F35CCC063}.Debug|x86.ActiveCfg = Debug|Any CPU
		{EBE069FD-47EB-40EB-BBFB-A42F35CCC063}.Debug|x86.Build.0 = Debug|Any CPU
		{EBE069FD-47EB-40EB-BBFB-A42F35CCC063}.Release|Any CPU.ActiveCfg = Release|Any CPU
		{EBE069FD-47EB-40EB-BBFB-A42F35CCC063}.Release|Any CPU.Build.0 = Release|Any CPU
		{EBE069FD-47EB-40EB-BBFB-A42F35CCC063}.Release|x64.ActiveCfg = Release|Any CPU
		{EBE069FD-47EB-40EB-BBFB-A42F35CCC063}.Release|x64.Build.0 = Release|Any CPU
		{EBE069FD-47EB-40EB-BBFB-A42F35CCC063}.Release|x86.ActiveCfg = Release|Any CPU
		{EBE069FD-47EB-40EB-BBFB-A42F35CCC063}.Release|x86.Build.0 = Release|Any CPU
		{54DE2086-6499-43C8-A00C-A8D8EE21CADB}.Debug|Any CPU.ActiveCfg = Debug|Any CPU
		{54DE2086-6499-43C8-A00C-A8D8EE21CADB}.Debug|Any CPU.Build.0 = Debug|Any CPU
		{54DE2086-6499-43C8-A00C-A8D8EE21CADB}.Debug|x64.ActiveCfg = Debug|Any CPU
		{54DE2086-6499-43C8-A00C-A8D8EE21CADB}.Debug|x64.Build.0 = Debug|Any CPU
		{54DE2086-6499-43C8-A00C-A8D8EE21CADB}.Debug|x86.ActiveCfg = Debug|Any CPU
		{54DE2086-6499-43C8-A00C-A8D8EE21CADB}.Debug|x86.Build.0 = Debug|Any CPU
		{54DE2086-6499-43C8-A00C-A8D8EE21CADB}.Release|Any CPU.ActiveCfg = Release|Any CPU
		{54DE2086-6499-43C8-A00C-A8D8EE21CADB}.Release|Any CPU.Build.0 = Release|Any CPU
		{54DE2086-6499-43C8-A00C-A8D8EE21CADB}.Release|x64.ActiveCfg = Release|Any CPU
		{54DE2086-6499-43C8-A00C-A8D8EE21CADB}.Release|x64.Build.0 = Release|Any CPU
		{54DE2086-6499-43C8-A00C-A8D8EE21CADB}.Release|x86.ActiveCfg = Release|Any CPU
		{54DE2086-6499-43C8-A00C-A8D8EE21CADB}.Release|x86.Build.0 = Release|Any CPU
		{303DC83C-A0D1-4603-9BC6-FBA7EDF633D0}.Debug|Any CPU.ActiveCfg = Debug|Any CPU
		{303DC83C-A0D1-4603-9BC6-FBA7EDF633D0}.Debug|Any CPU.Build.0 = Debug|Any CPU
		{303DC83C-A0D1-4603-9BC6-FBA7EDF633D0}.Debug|x64.ActiveCfg = Debug|Any CPU
		{303DC83C-A0D1-4603-9BC6-FBA7EDF633D0}.Debug|x64.Build.0 = Debug|Any CPU
		{303DC83C-A0D1-4603-9BC6-FBA7EDF633D0}.Debug|x86.ActiveCfg = Debug|Any CPU
		{303DC83C-A0D1-4603-9BC6-FBA7EDF633D0}.Debug|x86.Build.0 = Debug|Any CPU
		{303DC83C-A0D1-4603-9BC6-FBA7EDF633D0}.Release|Any CPU.ActiveCfg = Release|Any CPU
		{303DC83C-A0D1-4603-9BC6-FBA7EDF633D0}.Release|Any CPU.Build.0 = Release|Any CPU
		{303DC83C-A0D1-4603-9BC6-FBA7EDF633D0}.Release|x64.ActiveCfg = Release|Any CPU
		{303DC83C-A0D1-4603-9BC6-FBA7EDF633D0}.Release|x64.Build.0 = Release|Any CPU
		{303DC83C-A0D1-4603-9BC6-FBA7EDF633D0}.Release|x86.ActiveCfg = Release|Any CPU
		{303DC83C-A0D1-4603-9BC6-FBA7EDF633D0}.Release|x86.Build.0 = Release|Any CPU
		{3BC62BA0-ADD3-47E0-8492-8E9AAC6DEF56}.Debug|Any CPU.ActiveCfg = Debug|Any CPU
		{3BC62BA0-ADD3-47E0-8492-8E9AAC6DEF56}.Debug|Any CPU.Build.0 = Debug|Any CPU
		{3BC62BA0-ADD3-47E0-8492-8E9AAC6DEF56}.Debug|x64.ActiveCfg = Debug|Any CPU
		{3BC62BA0-ADD3-47E0-8492-8E9AAC6DEF56}.Debug|x64.Build.0 = Debug|Any CPU
		{3BC62BA0-ADD3-47E0-8492-8E9AAC6DEF56}.Debug|x86.ActiveCfg = Debug|Any CPU
		{3BC62BA0-ADD3-47E0-8492-8E9AAC6DEF56}.Debug|x86.Build.0 = Debug|Any CPU
		{3BC62BA0-ADD3-47E0-8492-8E9AAC6DEF56}.Release|Any CPU.ActiveCfg = Release|Any CPU
		{3BC62BA0-ADD3-47E0-8492-8E9AAC6DEF56}.Release|Any CPU.Build.0 = Release|Any CPU
		{3BC62BA0-ADD3-47E0-8492-8E9AAC6DEF56}.Release|x64.ActiveCfg = Release|Any CPU
		{3BC62BA0-ADD3-47E0-8492-8E9AAC6DEF56}.Release|x64.Build.0 = Release|Any CPU
		{3BC62BA0-ADD3-47E0-8492-8E9AAC6DEF56}.Release|x86.ActiveCfg = Release|Any CPU
		{3BC62BA0-ADD3-47E0-8492-8E9AAC6DEF56}.Release|x86.Build.0 = Release|Any CPU
		{C967E4B1-14D1-4662-8DFB-3F9A0A503898}.Debug|Any CPU.ActiveCfg = Debug|Any CPU
		{C967E4B1-14D1-4662-8DFB-3F9A0A503898}.Debug|Any CPU.Build.0 = Debug|Any CPU
		{C967E4B1-14D1-4662-8DFB-3F9A0A503898}.Debug|x64.ActiveCfg = Debug|Any CPU
		{C967E4B1-14D1-4662-8DFB-3F9A0A503898}.Debug|x64.Build.0 = Debug|Any CPU
		{C967E4B1-14D1-4662-8DFB-3F9A0A503898}.Debug|x86.ActiveCfg = Debug|Any CPU
		{C967E4B1-14D1-4662-8DFB-3F9A0A503898}.Debug|x86.Build.0 = Debug|Any CPU
		{C967E4B1-14D1-4662-8DFB-3F9A0A503898}.Release|Any CPU.ActiveCfg = Release|Any CPU
		{C967E4B1-14D1-4662-8DFB-3F9A0A503898}.Release|Any CPU.Build.0 = Release|Any CPU
		{C967E4B1-14D1-4662-8DFB-3F9A0A503898}.Release|x64.ActiveCfg = Release|Any CPU
		{C967E4B1-14D1-4662-8DFB-3F9A0A503898}.Release|x64.Build.0 = Release|Any CPU
		{C967E4B1-14D1-4662-8DFB-3F9A0A503898}.Release|x86.ActiveCfg = Release|Any CPU
		{C967E4B1-14D1-4662-8DFB-3F9A0A503898}.Release|x86.Build.0 = Release|Any CPU
		{FABFA326-5674-41B1-840D-775C856C547F}.Debug|Any CPU.ActiveCfg = Debug|Any CPU
		{FABFA326-5674-41B1-840D-775C856C547F}.Debug|Any CPU.Build.0 = Debug|Any CPU
		{FABFA326-5674-41B1-840D-775C856C547F}.Debug|x64.ActiveCfg = Debug|Any CPU
		{FABFA326-5674-41B1-840D-775C856C547F}.Debug|x64.Build.0 = Debug|Any CPU
		{FABFA326-5674-41B1-840D-775C856C547F}.Debug|x86.ActiveCfg = Debug|Any CPU
		{FABFA326-5674-41B1-840D-775C856C547F}.Debug|x86.Build.0 = Debug|Any CPU
		{FABFA326-5674-41B1-840D-775C856C547F}.Release|Any CPU.ActiveCfg = Release|Any CPU
		{FABFA326-5674-41B1-840D-775C856C547F}.Release|Any CPU.Build.0 = Release|Any CPU
		{FABFA326-5674-41B1-840D-775C856C547F}.Release|x64.ActiveCfg = Release|Any CPU
		{FABFA326-5674-41B1-840D-775C856C547F}.Release|x64.Build.0 = Release|Any CPU
		{FABFA326-5674-41B1-840D-775C856C547F}.Release|x86.ActiveCfg = Release|Any CPU
		{FABFA326-5674-41B1-840D-775C856C547F}.Release|x86.Build.0 = Release|Any CPU
		{6B9B05DA-ECFF-4FCF-8934-F228E0CEC762}.Debug|Any CPU.ActiveCfg = Debug|Any CPU
		{6B9B05DA-ECFF-4FCF-8934-F228E0CEC762}.Debug|Any CPU.Build.0 = Debug|Any CPU
		{6B9B05DA-ECFF-4FCF-8934-F228E0CEC762}.Debug|x64.ActiveCfg = Debug|Any CPU
		{6B9B05DA-ECFF-4FCF-8934-F228E0CEC762}.Debug|x64.Build.0 = Debug|Any CPU
		{6B9B05DA-ECFF-4FCF-8934-F228E0CEC762}.Debug|x86.ActiveCfg = Debug|Any CPU
		{6B9B05DA-ECFF-4FCF-8934-F228E0CEC762}.Debug|x86.Build.0 = Debug|Any CPU
		{6B9B05DA-ECFF-4FCF-8934-F228E0CEC762}.Release|Any CPU.ActiveCfg = Release|Any CPU
		{6B9B05DA-ECFF-4FCF-8934-F228E0CEC762}.Release|Any CPU.Build.0 = Release|Any CPU
		{6B9B05DA-ECFF-4FCF-8934-F228E0CEC762}.Release|x64.ActiveCfg = Release|Any CPU
		{6B9B05DA-ECFF-4FCF-8934-F228E0CEC762}.Release|x64.Build.0 = Release|Any CPU
		{6B9B05DA-ECFF-4FCF-8934-F228E0CEC762}.Release|x86.ActiveCfg = Release|Any CPU
		{6B9B05DA-ECFF-4FCF-8934-F228E0CEC762}.Release|x86.Build.0 = Release|Any CPU
		{3E29C0FC-C121-43CA-BD62-B1FFCB2B123B}.Debug|Any CPU.ActiveCfg = Debug|Any CPU
		{3E29C0FC-C121-43CA-BD62-B1FFCB2B123B}.Debug|Any CPU.Build.0 = Debug|Any CPU
		{3E29C0FC-C121-43CA-BD62-B1FFCB2B123B}.Debug|x64.ActiveCfg = Debug|Any CPU
		{3E29C0FC-C121-43CA-BD62-B1FFCB2B123B}.Debug|x64.Build.0 = Debug|Any CPU
		{3E29C0FC-C121-43CA-BD62-B1FFCB2B123B}.Debug|x86.ActiveCfg = Debug|Any CPU
		{3E29C0FC-C121-43CA-BD62-B1FFCB2B123B}.Debug|x86.Build.0 = Debug|Any CPU
		{3E29C0FC-C121-43CA-BD62-B1FFCB2B123B}.Release|Any CPU.ActiveCfg = Release|Any CPU
		{3E29C0FC-C121-43CA-BD62-B1FFCB2B123B}.Release|Any CPU.Build.0 = Release|Any CPU
		{3E29C0FC-C121-43CA-BD62-B1FFCB2B123B}.Release|x64.ActiveCfg = Release|Any CPU
		{3E29C0FC-C121-43CA-BD62-B1FFCB2B123B}.Release|x64.Build.0 = Release|Any CPU
		{3E29C0FC-C121-43CA-BD62-B1FFCB2B123B}.Release|x86.ActiveCfg = Release|Any CPU
		{3E29C0FC-C121-43CA-BD62-B1FFCB2B123B}.Release|x86.Build.0 = Release|Any CPU
		{67CD2BD7-B9A5-433A-9E72-635F425851FD}.Debug|Any CPU.ActiveCfg = Debug|Any CPU
		{67CD2BD7-B9A5-433A-9E72-635F425851FD}.Debug|Any CPU.Build.0 = Debug|Any CPU
		{67CD2BD7-B9A5-433A-9E72-635F425851FD}.Debug|x64.ActiveCfg = Debug|Any CPU
		{67CD2BD7-B9A5-433A-9E72-635F425851FD}.Debug|x64.Build.0 = Debug|Any CPU
		{67CD2BD7-B9A5-433A-9E72-635F425851FD}.Debug|x86.ActiveCfg = Debug|Any CPU
		{67CD2BD7-B9A5-433A-9E72-635F425851FD}.Debug|x86.Build.0 = Debug|Any CPU
		{67CD2BD7-B9A5-433A-9E72-635F425851FD}.Release|Any CPU.ActiveCfg = Release|Any CPU
		{67CD2BD7-B9A5-433A-9E72-635F425851FD}.Release|Any CPU.Build.0 = Release|Any CPU
		{67CD2BD7-B9A5-433A-9E72-635F425851FD}.Release|x64.ActiveCfg = Release|Any CPU
		{67CD2BD7-B9A5-433A-9E72-635F425851FD}.Release|x64.Build.0 = Release|Any CPU
		{67CD2BD7-B9A5-433A-9E72-635F425851FD}.Release|x86.ActiveCfg = Release|Any CPU
		{67CD2BD7-B9A5-433A-9E72-635F425851FD}.Release|x86.Build.0 = Release|Any CPU
		{AAFE45CC-BFA8-41F9-B97E-EF1640DD6E79}.Debug|Any CPU.ActiveCfg = Debug|Any CPU
		{AAFE45CC-BFA8-41F9-B97E-EF1640DD6E79}.Debug|Any CPU.Build.0 = Debug|Any CPU
		{AAFE45CC-BFA8-41F9-B97E-EF1640DD6E79}.Debug|x64.ActiveCfg = Debug|Any CPU
		{AAFE45CC-BFA8-41F9-B97E-EF1640DD6E79}.Debug|x64.Build.0 = Debug|Any CPU
		{AAFE45CC-BFA8-41F9-B97E-EF1640DD6E79}.Debug|x86.ActiveCfg = Debug|Any CPU
		{AAFE45CC-BFA8-41F9-B97E-EF1640DD6E79}.Debug|x86.Build.0 = Debug|Any CPU
		{AAFE45CC-BFA8-41F9-B97E-EF1640DD6E79}.Release|Any CPU.ActiveCfg = Release|Any CPU
		{AAFE45CC-BFA8-41F9-B97E-EF1640DD6E79}.Release|Any CPU.Build.0 = Release|Any CPU
		{AAFE45CC-BFA8-41F9-B97E-EF1640DD6E79}.Release|x64.ActiveCfg = Release|Any CPU
		{AAFE45CC-BFA8-41F9-B97E-EF1640DD6E79}.Release|x64.Build.0 = Release|Any CPU
		{AAFE45CC-BFA8-41F9-B97E-EF1640DD6E79}.Release|x86.ActiveCfg = Release|Any CPU
		{AAFE45CC-BFA8-41F9-B97E-EF1640DD6E79}.Release|x86.Build.0 = Release|Any CPU
		{E7CCF862-100A-4A3F-B34A-F4E5A5F10A64}.Debug|Any CPU.ActiveCfg = Debug|Any CPU
		{E7CCF862-100A-4A3F-B34A-F4E5A5F10A64}.Debug|Any CPU.Build.0 = Debug|Any CPU
		{E7CCF862-100A-4A3F-B34A-F4E5A5F10A64}.Debug|x64.ActiveCfg = Debug|Any CPU
		{E7CCF862-100A-4A3F-B34A-F4E5A5F10A64}.Debug|x64.Build.0 = Debug|Any CPU
		{E7CCF862-100A-4A3F-B34A-F4E5A5F10A64}.Debug|x86.ActiveCfg = Debug|Any CPU
		{E7CCF862-100A-4A3F-B34A-F4E5A5F10A64}.Debug|x86.Build.0 = Debug|Any CPU
		{E7CCF862-100A-4A3F-B34A-F4E5A5F10A64}.Release|Any CPU.ActiveCfg = Release|Any CPU
		{E7CCF862-100A-4A3F-B34A-F4E5A5F10A64}.Release|Any CPU.Build.0 = Release|Any CPU
		{E7CCF862-100A-4A3F-B34A-F4E5A5F10A64}.Release|x64.ActiveCfg = Release|Any CPU
		{E7CCF862-100A-4A3F-B34A-F4E5A5F10A64}.Release|x64.Build.0 = Release|Any CPU
		{E7CCF862-100A-4A3F-B34A-F4E5A5F10A64}.Release|x86.ActiveCfg = Release|Any CPU
		{E7CCF862-100A-4A3F-B34A-F4E5A5F10A64}.Release|x86.Build.0 = Release|Any CPU
		{63821840-843B-41DA-BDCD-26B244BA8CE5}.Debug|Any CPU.ActiveCfg = Debug|Any CPU
		{63821840-843B-41DA-BDCD-26B244BA8CE5}.Debug|Any CPU.Build.0 = Debug|Any CPU
		{63821840-843B-41DA-BDCD-26B244BA8CE5}.Debug|x64.ActiveCfg = Debug|Any CPU
		{63821840-843B-41DA-BDCD-26B244BA8CE5}.Debug|x64.Build.0 = Debug|Any CPU
		{63821840-843B-41DA-BDCD-26B244BA8CE5}.Debug|x86.ActiveCfg = Debug|Any CPU
		{63821840-843B-41DA-BDCD-26B244BA8CE5}.Debug|x86.Build.0 = Debug|Any CPU
		{63821840-843B-41DA-BDCD-26B244BA8CE5}.Release|Any CPU.ActiveCfg = Release|Any CPU
		{63821840-843B-41DA-BDCD-26B244BA8CE5}.Release|Any CPU.Build.0 = Release|Any CPU
		{63821840-843B-41DA-BDCD-26B244BA8CE5}.Release|x64.ActiveCfg = Release|Any CPU
		{63821840-843B-41DA-BDCD-26B244BA8CE5}.Release|x64.Build.0 = Release|Any CPU
		{63821840-843B-41DA-BDCD-26B244BA8CE5}.Release|x86.ActiveCfg = Release|Any CPU
		{63821840-843B-41DA-BDCD-26B244BA8CE5}.Release|x86.Build.0 = Release|Any CPU
		{70472A8E-AC7A-4F7F-910A-A48667B8E505}.Debug|Any CPU.ActiveCfg = Debug|Any CPU
		{70472A8E-AC7A-4F7F-910A-A48667B8E505}.Debug|Any CPU.Build.0 = Debug|Any CPU
		{70472A8E-AC7A-4F7F-910A-A48667B8E505}.Debug|x64.ActiveCfg = Debug|Any CPU
		{70472A8E-AC7A-4F7F-910A-A48667B8E505}.Debug|x64.Build.0 = Debug|Any CPU
		{70472A8E-AC7A-4F7F-910A-A48667B8E505}.Debug|x86.ActiveCfg = Debug|Any CPU
		{70472A8E-AC7A-4F7F-910A-A48667B8E505}.Debug|x86.Build.0 = Debug|Any CPU
		{70472A8E-AC7A-4F7F-910A-A48667B8E505}.Release|Any CPU.ActiveCfg = Release|Any CPU
		{70472A8E-AC7A-4F7F-910A-A48667B8E505}.Release|Any CPU.Build.0 = Release|Any CPU
		{70472A8E-AC7A-4F7F-910A-A48667B8E505}.Release|x64.ActiveCfg = Release|Any CPU
		{70472A8E-AC7A-4F7F-910A-A48667B8E505}.Release|x64.Build.0 = Release|Any CPU
		{70472A8E-AC7A-4F7F-910A-A48667B8E505}.Release|x86.ActiveCfg = Release|Any CPU
		{70472A8E-AC7A-4F7F-910A-A48667B8E505}.Release|x86.Build.0 = Release|Any CPU
	EndGlobalSection
	GlobalSection(SolutionProperties) = preSolution
		HideSolutionNode = FALSE
	EndGlobalSection
	GlobalSection(NestedProjects) = preSolution
		{8CEADD11-86D4-4888-9530-D3E6D24E7DE6} = {827E0CD3-B72D-47B6-A68D-7590B98EB39B}
		{FC675989-3ED1-49D6-8A8A-0CB9AE9BC6DF} = {827E0CD3-B72D-47B6-A68D-7590B98EB39B}
		{09423464-1826-4D16-AD1D-B2B912B72399} = {827E0CD3-B72D-47B6-A68D-7590B98EB39B}
		{D3A20525-8058-45F8-AFD1-67D8766AF16D} = {827E0CD3-B72D-47B6-A68D-7590B98EB39B}
		{C945676F-73ED-4684-858B-DB9E7D31A450} = {827E0CD3-B72D-47B6-A68D-7590B98EB39B}
		{D25CB130-A10D-43FA-AA4A-4127982ADB37} = {827E0CD3-B72D-47B6-A68D-7590B98EB39B}
		{F569BB61-8F17-47C8-9A70-C0C3707E346C} = {827E0CD3-B72D-47B6-A68D-7590B98EB39B}
		{F22CBAE3-D205-466D-BAB1-3B528604ACBA} = {827E0CD3-B72D-47B6-A68D-7590B98EB39B}
		{5A5EFE5D-CA59-41F1-BCCA-947E4E0D772E} = {827E0CD3-B72D-47B6-A68D-7590B98EB39B}
		{F1949762-3393-4466-8800-3CFFED823961} = {827E0CD3-B72D-47B6-A68D-7590B98EB39B}
		{F7BB464D-5791-41A1-A4BF-4E891E4785C3} = {827E0CD3-B72D-47B6-A68D-7590B98EB39B}
		{0D739633-17C0-48B2-A158-6340FA052845} = {827E0CD3-B72D-47B6-A68D-7590B98EB39B}
		{8D33BDB4-1E58-4905-B7B5-985DB5CE0774} = {827E0CD3-B72D-47B6-A68D-7590B98EB39B}
		{B0731998-948C-417D-B93C-E28330BD3268} = {827E0CD3-B72D-47B6-A68D-7590B98EB39B}
		{8DB9763B-3FA5-4704-8ED2-41BCEE1896B9} = {827E0CD3-B72D-47B6-A68D-7590B98EB39B}
		{7605514D-EC16-4166-9285-68653DB6A0F2} = {827E0CD3-B72D-47B6-A68D-7590B98EB39B}
		{EBE069FD-47EB-40EB-BBFB-A42F35CCC063} = {827E0CD3-B72D-47B6-A68D-7590B98EB39B}
		{54DE2086-6499-43C8-A00C-A8D8EE21CADB} = {827E0CD3-B72D-47B6-A68D-7590B98EB39B}
		{303DC83C-A0D1-4603-9BC6-FBA7EDF633D0} = {827E0CD3-B72D-47B6-A68D-7590B98EB39B}
		{3BC62BA0-ADD3-47E0-8492-8E9AAC6DEF56} = {827E0CD3-B72D-47B6-A68D-7590B98EB39B}
		{C967E4B1-14D1-4662-8DFB-3F9A0A503898} = {827E0CD3-B72D-47B6-A68D-7590B98EB39B}
		{FABFA326-5674-41B1-840D-775C856C547F} = {827E0CD3-B72D-47B6-A68D-7590B98EB39B}
		{6B9B05DA-ECFF-4FCF-8934-F228E0CEC762} = {827E0CD3-B72D-47B6-A68D-7590B98EB39B}
		{3E29C0FC-C121-43CA-BD62-B1FFCB2B123B} = {827E0CD3-B72D-47B6-A68D-7590B98EB39B}
		{67CD2BD7-B9A5-433A-9E72-635F425851FD} = {827E0CD3-B72D-47B6-A68D-7590B98EB39B}
		{AAFE45CC-BFA8-41F9-B97E-EF1640DD6E79} = {827E0CD3-B72D-47B6-A68D-7590B98EB39B}
	EndGlobalSection
EndGlobal
